version = 1
revision = 3
requires-python = ">=3.13"

[[package]]
name = "colorama"
version = "0.4.6"
source = { registry = "https://pypi.org/simple" }
sdist = { url = "https://files.pythonhosted.org/packages/d8/53/6f443c9a4a8358a93a6792e2acffb9d9d5cb0a5cfd8802644b7b1c9a02e4/colorama-0.4.6.tar.gz", hash = "sha256:08695f5cb7ed6e0531a20572697297273c47b8cae5a63ffc6d6ed5c201be6e44", size = 27697, upload-time = "2022-10-25T02:36:22.414Z" }
wheels = [
    { url = "https://files.pythonhosted.org/packages/d1/d6/3965ed04c63042e047cb6a3e6ed1a63a35087b6a609aa3a15ed8ac56c221/colorama-0.4.6-py2.py3-none-any.whl", hash = "sha256:4f1d9991f5acc0ca119f9d443620b77f9d6b33703e51011c16baf57afb285fc6", size = 25335, upload-time = "2022-10-25T02:36:20.889Z" },
]

[[package]]
name = "iniconfig"
version = "2.3.1"
source = { registry = "https://pypi.org/simple" }
sdist = { url = "https://files.pythonhosted.org/packages/01/e1/2069291243c926a2ff1cd706c7f3eeb9b62144bf60f77c9fb9ff2fb26bd3/iniconfig-2.3.1.tar.gz", hash = "sha256:67f4b9c50da0dedf52af349e7749a80a9057a5031199791b906c3bb3ae878960", size = 21209, upload-time = "2026-10-06T22:48:38.076Z" }
wheels = [
    { url = "https://files.pythonhosted.org/packages/56/43/4ca9e49d27a1fcf6bece6f6aec0ea46bb9112489b93d4b688fb415457bdb/iniconfig-2.3.1-py3-none-any.whl", hash = "sha256:9121e2c1fdb355232495be3194c8dfe87ccc2d5dee45947b78e68f499790d7a7", size = 7552, upload-time = "2026-10-06T22:48:36.959Z" },
]

[[package]]
name = "moongate-convert"
version = "0.1.0"
source = { editable = "." }
dependencies = [
    { name = "tree-sitter" },
    { name = "tree-sitter-c-sharp" },
]

[package.dev-dependencies]
dev = [
    { name = "pytest" },
]

[package.metadata]
requires-dist = [
    { name = "tree-sitter", specifier = ">=0.26.0" },
    { name = "tree-sitter-c-sharp", specifier = ">=0.23.5" },
]

[package.metadata.requires-dev]
dev = [{ name = "pytest", specifier = ">=8" }]

[[package]]
name = "packaging"
version = "26.3"
source = { registry = "https://pypi.org/simple" }
sdist = { url = "https://files.pythonhosted.org/packages/7d/fa/3944b40b07da9ce895c0e6303a5ab7d53da063554f534556b134a54d6093/packaging-26.3.tar.gz", hash = "sha256:94edc256424af38762eb31306eed28beb9f0efc50a8837492c9d6fd6004aed79", size = 313412, upload-time = "2026-08-04T18:15:28.737Z" }
wheels = [
    { url = "https://files.pythonhosted.org/packages/63/34/ba1c580383c9eada3711951fef0795c80b829a078d72188184bcab9dd527/packaging-26.3-py3-none-any.whl", hash = "sha256:d7193f7c8e4e93f444fde0262bf90af30e16fa0ad0ad44cb553c87339b23cd1c", size = 129956, upload-time = "2026-08-04T18:15:27.159Z" },
]

[[package]]
name = "pluggy"
version = "1.6.0"
source = { registry = "https://pypi.org/simple" }
sdist = { url = "https://files.pythonhosted.org/packages/f9/e2/3e91f31a7d2b083fe6ef3fa267035b518369d9511ffab804f839851d2779/pluggy-1.6.0.tar.gz", hash = "sha256:7dcc130b76258d33b90f61b658791dede3486c3e6bfb003ee5c9bfb396dd22f3", size = 69412, upload-time = "2025-05-15T12:30:07.975Z" }
wheels = [
    { url = "https://files.pythonhosted.org/packages/54/20/4d324d65cc6d9205fabedc306948156824eb9f0ee1633355a8f7ec5c66bf/pluggy-1.6.0-py3-none-any.whl", hash = "sha256:e920276dd6813095e9377c0bc5566d94c932c33b27a3e3945d8389c374dd4746", size = 20538, upload-time = "2025-05-15T12:30:06.134Z" },
]

[[package]]
name = "pygments"
version = "2.21.0"
source = { registry = "https://pypi.org/simple" }
sdist = { url = "https://files.pythonhosted.org/packages/49/2e/ced460408999b33da6b31b0021b0f37d329e202d4169aeb164493778f25b/pygments-2.21.0.tar.gz", hash = "sha256:610ca751c9bc2492b38eb9a38a7fbc93edbbb2d7182edaf34e66ae493dee5c8c", size = 5005329, upload-time = "2026-08-17T08:02:48.824Z" }
wheels = [
    { url = "https://files.pythonhosted.org/packages/71/46/17f022dd3e953bf20a04a028a21ec746d942f8d2af30fa0f124fa0e6a684/pygments-2.21.0-py3-none-any.whl", hash = "sha256:2363c69b61c4a97c838da3b130dcd6468f4848992b21a82f2a63ec34377137d9", size = 1250147, upload-time = "2026-08-17T08:02:44.912Z" },
]

[[package]]
name = "pytest"
version = "9.1.1"
source = { registry = "https://pypi.org/simple" }
dependencies = [
    { name = "colorama", marker = "sys_platform == 'win32'" },
    { name = "iniconfig" },
    { name = "packaging" },
    { name = "pluggy" },
    { name = "pygments" },
]
sdist = { url = "https://files.pythonhosted.org/packages/e4/47/b9efed96c114afcfa3c9d3fe98a76a1d14c74a9e266d397cf6eb64be5e01/pytest-9.1.1.tar.gz", hash = "sha256:1088fbde8f2b49d95a549a195707afa7a76a3ce9bcadc26b6d71f0ffda5fe313", size = 1636369, upload-time = "2026-06-19T10:58:32.857Z" }
wheels = [
    { url = "https://files.pythonhosted.org/packages/24/25/1de2678b631f5a49215c6c96fff41ba892b0a34df68d6d80292b1b48aa7f/pytest-9.1.1-py3-none-any.whl", hash = "sha256:37a86b45efb9a47a61a36449063e8e18d0cab3161329fc099eb21783169c4f0c", size = 386536, upload-time = "2026-06-19T10:58:31.347Z" },
]

[[package]]
name = "tree-sitter"
version = "0.26.0"
source = { registry = "https://pypi.org/simple" }
sdist = { url = "https://files.pythonhosted.org/packages/f7/03/5600b84aff2e6c4fe80cfebb4063fe2f50299521befe5f6092ab8c082f4a/tree_sitter-0.26.0.tar.gz", hash = "sha256:b40c219edccc4564530c96f8f1556f6202b37cda964d1cbd7bd2b7e68b40a245", size = 191423, upload-time = "2026-06-30T12:14:27.933Z" }
wheels = [
    { url = "https://files.pythonhosted.org/packages/cb/b0/465257cf8f972ad9f9812ec1cbaa8ec210ebebb601ade9a15881aa2436b4/tree_sitter-0.26.0-cp313-cp313-macosx_10_13_x86_64.whl", hash = "sha256:ed0889dbed843ce45ede9f5169c0b2dea2222f12685844a03fadb81f12705867", size = 148893, upload-time = "2026-06-30T12:14:10.541Z" },
    { url = "https://files.pythonhosted.org/packages/a1/ec/19d093e854b45e807fecfdd26105c266f43aeecc39c4dc97992a7074ad5a/tree_sitter-0.26.0-cp313-cp313-macosx_11_0_arm64.whl", hash = "sha256:6189c6c340c7384357711e3d92645e96bfb79f7a502f86de1ebdb23eb43f7dab", size = 140829, upload-time = "2026-06-30T12:14:11.626Z" },
    { url = "https://files.pythonhosted.org/packages/9b/ee/87e74671ed63a837e7a1f17ab94aa3913871e033b27523d8e7b83d6f7ad0/tree_sitter-0.26.0-cp313-cp313-manylinux2014_aarch64.manylinux_2_17_aarch64.manylinux_2_28_aarch64.whl", hash = "sha256:8ff2e0750b7daa722302838356d7b65e303829b7eb73c915df127ddba115e1d1", size = 639334, upload-time = "2026-06-30T12:14:12.836Z" },
    { url = "https://files.pythonhosted.org/packages/66/e7/f7e04cd9dff6b6ac0adf23922796fbc76accd4cf4bcda50542748d485679/tree_sitter-0.26.0-cp313-cp313-manylinux2014_x86_64.manylinux_2_17_x86_64.manylinux_2_28_x86_64.whl", hash = "sha256:7075ef857ef86f327dbb72d1e2574dda78db5754b3a1fca6506acd7fe5d561a7", size = 668102, upload-time = "2026-06-30T12:14:14.035Z" },
    { url = "https://files.pythonhosted.org/packages/d3/90/0bfb16b7894fea728c774a89d5af421a9368a2f913bbd4e8dcab7caaecfb/tree_sitter-0.26.0-cp313-cp313-manylinux_2_31_riscv64.manylinux_2_39_riscv64.whl", hash = "sha256:26c996c1edfee86e977bb3f5462e74fcec0d0b0db1e85a3c475875763caa03be", size = 648560, upload-time = "2026-06-30T12:14:15.302Z" },
    { url = "https://files.pythonhosted.org/packages/cd/e6/0fe05ba396e9623b0ae40ccf34171336b8701ec8d7bd0ee9f5224d638665/tree_sitter-0.26.0-cp313-cp313-musllinux_1_2_x86_64.whl", hash = "sha256:00289bfe7978f3e0dc0ce69813a20fa9f44ea4c100b3ec62043e5eb74ccfc3a2", size = 665121, upload-time = "2026-06-30T12:14:16.403Z" },
    { url = "https://files.pythonhosted.org/packages/eb/d2/a944b1ca35bed6068dc84a9967aaf3049d8cc0b7a36179eea8787270a6ab/tree_sitter-0.26.0-cp313-cp313-win_amd64.whl", hash = "sha256:93e220cab7e6a823efeb2046c49171427de92ef71c7c681c01820d14d8d3721f", size = 129615, upload-time = "2026-06-30T12:14:17.463Z" },
    { url = "https://files.pythonhosted.org/packages/09/ef/c7ca48293580d2249f36940c4eed5b4ddeb9ce75baf9a4ef30621987e0c7/tree_sitter-0.26.0-cp313-cp313-win_arm64.whl", hash = "sha256:b31a8195d2f224224c530ac814632d98c1dcc123d227442c07c736e86b70d564", size = 116525, upload-time = "2026-06-30T12:14:18.53Z" },
    { url = "https://files.pythonhosted.org/packages/c5/7a/4d84e6f6ae2c3e757490dd84de251712c31e293dfe31f28da1ec019cefa2/tree_sitter-0.26.0-cp314-cp314-macosx_10_15_x86_64.whl", hash = "sha256:5a3c93a352b7e6f70f73e121bbfa2d0117ba7478bd51114ed35c91b0b78814fa", size = 148901, upload-time = "2026-06-30T12:14:19.452Z" },
    { url = "https://files.pythonhosted.org/packages/b0/d9/efe62ec65dc9d096e834d27b8c058127e2146e42ff3380b822a233f016a6/tree_sitter-0.26.0-cp314-cp314-macosx_11_0_arm64.whl", hash = "sha256:5fc2f41bf246ff2f70a9cc3690be35ec7580a4923151873d898c8bcb1a4503d3", size = 140805, upload-time = "2026-06-30T12:14:20.478Z" },
    { url = "https://files.pythonhosted.org/packages/c4/2c/c82326b7b97e3c485c18679883b16f89e5e913c639d3b219d3da70c9e67e/tree_sitter-0.26.0-cp314-cp314-manylinux2014_aarch64.manylinux_2_17_aarch64.manylinux_2_28_aarch64.whl", hash = "sha256:b8ea92a255c91671a7ec4625aba3ab7bb5220c423630ffbf83c45d7312abe084", size = 640586, upload-time = "2026-06-30T12:14:21.527Z" },
    { url = "https://files.pythonhosted.org/packages/e2/7a/f56e7d8282859452611024c7cbc623bfba5b24b8cb9b8f8bc88c5219fe9a/tree_sitter-0.26.0-cp314-cp314-manylinux2014_x86_64.manylinux_2_17_x86_64.manylinux_2_28_x86_64.whl", hash = "sha256:f665510f0fcf4636fb9696f1f7853bed7a3bd764b7bb0cb8494e619c14ed5a0c", size = 668300, upload-time = "2026-06-30T12:14:22.728Z" },
    { url = "https://files.pythonhosted.org/packages/91/51/240ee81b9d5e9ca0a6cb1528e8605ffa70ab58c89ce126631be96d3e4bae/tree_sitter-0.26.0-cp314-cp314-manylinux_2_31_riscv64.manylinux_2_39_riscv64.whl", hash = "sha256:253df7ab82cc0a9d311cd65f06e9f99fb3eac55996ae9fc94da22f123a861b90", size = 649627, upload-time = "2026-06-30T12:14:23.819Z" },
    { url = "https://files.pythonhosted.org/packages/6a/54/760035cefedf9eb44f0f84c4ac22f1322e73155853e272576ee876336312/tree_sitter-0.26.0-cp314-cp314-musllinux_1_2_x86_64.whl", hash = "sha256:ff80d4833d330a73184a3ac5132abe93c575d2dea31975c6f15c0d21fef238aa", size = 664885, upload-time = "2026-06-30T12:14:25.064Z" },
    { url = "https://files.pythonhosted.org/packages/c9/1b/0b36fe2a984ecedc4ce6aefd5d56447a6626a8e9b595c4e48658510ce8f8/tree_sitter-0.26.0-cp314-cp314-win_amd64.whl", hash = "sha256:a4033fecc8f606c7f2e8b8014d0057b74668a7f0152763606f7bc25c5f9ec64c", size = 132688, upload-time = "2026-06-30T12:14:26.106Z" },
    { url = "https://files.pythonhosted.org/packages/4d/74/ebc041a13fbf40144afdb0d4b447e48e0b4012ca866c63de8b48f801f0c1/tree_sitter-0.26.0-cp314-cp314-win_arm64.whl", hash = "sha256:823251c4b6725a7c03ed497a339135ede7ae4bdde75bb8be7ef5e305aeb4ff52", size = 120287, upload-time = "2026-06-30T12:14:26.991Z" },
]

[[package]]
name = "tree-sitter-c-sharp"
version = "0.23.5"
source = { registry = "https://pypi.org/simple" }
sdist = { url = "https://files.pythonhosted.org/packages/9f/fb/7e2962bc1901daf264e7ce263b168e0139304a5f8f66c9b2baf20e550f87/tree_sitter_c_sharp-0.23.5.tar.gz", hash = "sha256:2635c7d5ec93e59f2e831b571bed99c4cc68a5d183a0994020aa769e1b990a71", size = 1147914, upload-time = "2026-04-14T16:11:22.441Z" }
wheels = [
    { url = "https://files.pythonhosted.org/packages/ec/c4/86d8d469400a856757a464a6ac01af97d8cdacbb595e62bdb98bf1e9db90/tree_sitter_c_sharp-0.23.5-cp310-abi3-macosx_10_9_x86_64.whl", hash = "sha256:61e1981cf21b09ee547b9c4c68e64fb4394325f8fc8d5f6d50d41471eba923ea", size = 333658, upload-time = "2026-04-14T16:11:11.288Z" },
    { url = "https://files.pythonhosted.org/packages/c8/13/593c8603f834eaf15082b81e079289fc9f062b4c0ab5b9489134084eec06/tree_sitter_c_sharp-0.23.5-cp310-abi3-macosx_11_0_arm64.whl", hash = "sha256:a75994a11f6fed3f5b8c36ad6a00e5dc43205bd912c43af3a2a54fdf649664eb", size = 376296, upload-time = "2026-04-14T16:11:12.972Z" },
    { url = "https://files.pythonhosted.org/packages/41/5a/a8855cbb5bbab28adb29c2c7f0e7be5a9f1d21450c13b3c3e613190d9b8c/tree_sitter_c_sharp-0.23.5-cp310-abi3-manylinux1_x86_64.manylinux_2_28_x86_64.manylinux_2_5_x86_64.whl", hash = "sha256:aa88a780204cd153c4c1ae2d59c654cee1402212fa0d069823d6d34301587438", size = 358333, upload-time = "2026-04-14T16:11:14.214Z" },
    { url = "https://files.pythonhosted.org/packages/0a/c8/e0f391e343f5424d0627e3b6886c77baeb1249a3f10986be00b0b64ecdab/tree_sitter_c_sharp-0.23.5-cp310-abi3-manylinux2014_aarch64.manylinux_2_17_aarch64.manylinux_2_28_aarch64.whl", hash = "sha256:3ea38fb095d85d360dc5a0bec2fa605e496228876f798c9e089d5f0e72bcef46", size = 359448, upload-time = "2026-04-14T16:11:15.419Z" },
    { url = "https://files.pythonhosted.org/packages/6f/fc/10f807ac79f928241c5e0d827fdaf91e97dfba662fc7e07d7bd664140ec1/tree_sitter_c_sharp-0.23.5-cp310-abi3-musllinux_1_2_aarch64.whl", hash = "sha256:05a9256415e7f24d4f133133794a9c224c60d19f677a04e2f6a94c25090b6d65", size = 358144, upload-time = "2026-04-14T16:11:17.087Z" },
    { url = "https://files.pythonhosted.org/packages/de/2a/6c3e12ef0cf09138717fcc02e1de8b76a3928d1bed65c7e3c2bd3172bcef/tree_sitter_c_sharp-0.23.5-cp310-abi3-musllinux_1_2_x86_64.whl", hash = "sha256:8636dc70b5a373c35c1036ed5de98e801f2e4d105ae41e2e20b6804c36e3bf33", size = 357525, upload-time = "2026-04-14T16:11:18.214Z" },
    { url = "https://files.pythonhosted.org/packages/2b/e0/bd287b092d611df95a9149117fd27b5947ce75527113d6898a4b4e2c8858/tree_sitter_c_sharp-0.23.5-cp310-abi3-win_amd64.whl", hash = "sha256:41a28cfa3d9ea50f5629e44550a03188c8fbd5079803dfc03554b6fd594b33fa", size = 338756, upload-time = "2026-04-14T16:11:19.661Z" },
    { url = "https://files.pythonhosted.org/packages/7f/fb/114ff43fdd256d0befed32f77c1dadee9517867181c70794571f718ed05c/tree_sitter_c_sharp-0.23.5-cp310-abi3-win_arm64.whl", hash = "sha256:2de4ebf95ddc2e92cd3105c8a8e0e7ec646bc82f52bfaf2f3acec0fa2401ec09", size = 337260, upload-time = "2026-04-14T16:11:20.849Z" },
]
